{
  "name": "@svetlyoh/lingry",
  "version": "2.0.1",
  "lockfileVersion": 3,
  "requires": true,
  "packages": {
    "": {
      "name": "@svetlyoh/lingry",
      "version": "2.0.1",
      "bin": {
        "lingry-agent": "bin/lingry-agent.mjs"
      },
      "engines": {
        "node": ">=18"
      }
    }
  }
}
